
Microsoft Visual Studio Solution File, Format Version 12.00
# Visual Studio Version 16
VisualStudioVersion = 16.0.30104.148
MinimumVisualStudioVersion = 10.0.40219.1
Project("{FAE04EC0-301F-11D3-BF4B-00C04F79EFBC}") = "ITHS.NET.Peter.Palosaari.Databas.Lab3", "ITHS.NET.Peter.Palosaari.Databas.Lab3\ITHS.NET.Peter.Palosaari.Databas.Lab3.csproj", "{26B4CFF9-9D97-41B0-A794-FA8A1676AEEC}"
EndProject
Global
	GlobalSection(SolutionConfigurationPlatforms) = preSolution
		Debug|Any CPU = Debug|Any CPU
		Release|Any CPU = Release|Any CPU
	EndGlobalSection
	GlobalSection(ProjectConfigurationPlatforms) = postSolution
		{26B4CFF9-9D97-41B0-A794-FA8A1676AEEC}.Debug|Any CPU.ActiveCfg = Debug|Any CPU
		{26B4CFF9-9D97-41B0-A794-FA8A1676AEEC}.Debug|Any CPU.Build.0 = Debug|Any CPU
		{26B4CFF9-9D97-41B0-A794-FA8A1676AEEC}.Release|Any CPU.ActiveCfg = Release|Any CPU
		{26B4CFF9-9D97-41B0-A794-FA8A1676AEEC}.Release|Any CPU.Build.0 = Release|Any CPU
	EndGlobalSection
	GlobalSection(SolutionProperties) = preSolution
		HideSolutionNode = FALSE
	EndGlobalSection
	GlobalSection(ExtensibilityGlobals) = postSolution
		SolutionGuid = {A5E62B0C-0549-4BFE-9676-3FB70CECB42F}
	EndGlobalSection
EndGlobal
